
Microsoft Visual Studio Solution File, Format Version 11.00
# Visual Studio 2010
Project("{FAE04EC0-301F-11D3-BF4B-00C04F79EFBC}") = "TPP", "Assembly-CSharp.csproj", "{6A000C1E-4D41-6145-8E44-F835AE131877}"
EndProject
Project("{FAE04EC0-301F-11D3-BF4B-00C04F79EFBC}") = "TPP", "Assembly-CSharp-Editor.csproj", "{5B783048-8C99-A066-ABC4-4418A02FFE07}"
EndProject
Global
	GlobalSection(SolutionConfigurationPlatforms) = preSolution
		Debug|Any CPU = Debug|Any CPU
		Release|Any CPU = Release|Any CPU
	EndGlobalSection
	GlobalSection(ProjectConfigurationPlatforms) = postSolution
		{6A000C1E-4D41-6145-8E44-F835AE131877}.Debug|Any CPU.ActiveCfg = Debug|Any CPU
		{6A000C1E-4D41-6145-8E44-F835AE131877}.Debug|Any CPU.Build.0 = Debug|Any CPU
		{6A000C1E-4D41-6145-8E44-F835AE131877}.Release|Any CPU.ActiveCfg = Release|Any CPU
		{6A000C1E-4D41-6145-8E44-F835AE131877}.Release|Any CPU.Build.0 = Release|Any CPU
		{5B783048-8C99-A066-ABC4-4418A02FFE07}.Debug|Any CPU.ActiveCfg = Debug|Any CPU
		{5B783048-8C99-A066-ABC4-4418A02FFE07}.Debug|Any CPU.Build.0 = Debug|Any CPU
		{5B783048-8C99-A066-ABC4-4418A02FFE07}.Release|Any CPU.ActiveCfg = Release|Any CPU
		{5B783048-8C99-A066-ABC4-4418A02FFE07}.Release|Any CPU.Build.0 = Release|Any CPU
	EndGlobalSection
	GlobalSection(SolutionProperties) = preSolution
		HideSolutionNode = FALSE
	EndGlobalSection
	GlobalSection(MonoDevelopProperties) = preSolution
		StartupItem = Assembly-CSharp.csproj
	EndGlobalSection
EndGlobal
